{
  "originHash" : "fcc5a9e047bc89c422e9ca5571e5b664446abc3c4c0b838c23d066c241e1a3f6",
  "pins" : [
    {
      "identity" : "flyingfox",
      "kind" : "remoteSourceControl",
      "location" : "https://github.com/swhitty/FlyingFox",
      "state" : {
        "revision" : "ee0118895184f052a96b425869a76553864610a9",
        "version" : "0.9.1"
      }
    }
  ],
  "version" : 3
}
