{
  "originHash" : "c76a650488d8c8e7addc3dcf0bfce9702c7373483c0d6127e28ed96917036979",
  "pins" : [
    {
      "identity" : "anycodable",
      "kind" : "remoteSourceControl",
      "location" : "https://github.com/Flight-School/AnyCodable.git",
      "state" : {
        "revision" : "876d162385e9862ae8b3c8d65dc301312b040005",
        "version" : "0.6.0"
      }
    },
    {
      "identity" : "flyingfox",
      "kind" : "remoteSourceControl",
      "location" : "https://github.com/swhitty/FlyingFox",
      "state" : {
        "revision" : "3ad076e081749cef043e25ac01719a503b772113",
        "version" : "0.22.0"
      }
    }
  ],
  "version" : 3
}
